
Microsoft Visual Studio Solution File, Format Version 12.00
# Visual Studio 14
VisualStudioVersion = 14.0.25123.0
MinimumVisualStudioVersion = 10.0.40219.1
Project("{FAE04EC0-301F-11D3-BF4B-00C04F79EFBC}") = "btwm", "btwm\btwm.csproj", "{EF47C358-D1DE-4C68-B0DA-14B4C6E5334F}"
EndProject
Global
	GlobalSection(SolutionConfigurationPlatforms) = preSolution
		Debug|Any CPU = Debug|Any CPU
		Release|Any CPU = Release|Any CPU
	EndGlobalSection
	GlobalSection(ProjectConfigurationPlatforms) = postSolution
		{EF47C358-D1DE-4C68-B0DA-14B4C6E5334F}.Debug|Any CPU.ActiveCfg = Debug|Any CPU
		{EF47C358-D1DE-4C68-B0DA-14B4C6E5334F}.Debug|Any CPU.Build.0 = Debug|Any CPU
		{EF47C358-D1DE-4C68-B0DA-14B4C6E5334F}.Release|Any CPU.ActiveCfg = Release|Any CPU
		{EF47C358-D1DE-4C68-B0DA-14B4C6E5334F}.Release|Any CPU.Build.0 = Release|Any CPU
	EndGlobalSection
	GlobalSection(SolutionProperties) = preSolution
		HideSolutionNode = FALSE
	EndGlobalSection
EndGlobal
